
Microsoft Visual Studio Solution File, Format Version 12.00
# Visual Studio Version 17
VisualStudioVersion = 17.0.31903.59
MinimumVisualStudioVersion = 10.0.40219.1
Project("{2150E333-8FDC-42A3-9474-1A3956D46DE8}") = "src", "src", "{827E0CD3-B72D-47B6-A68D-7590B98EB39B}"
EndProject
Project("{FAE04EC0-301F-11D3-BF4B-00C04F79EFBC}") = "TtrpgAiBot.Core", "src\TtrpgAiBot.Core\TtrpgAiBot.Core.csproj", "{5433CA63-F279-48B4-98EF-FE4638C635D3}"
EndProject
Project("{FAE04EC0-301F-11D3-BF4B-00C04F79EFBC}") = "TtrpgAiBot.Domain", "src\TtrpgAiBot.Domain\TtrpgAiBot.Domain.csproj", "{414193DA-62D2-474E-BA28-35650D41A5AD}"
EndProject
Project("{FAE04EC0-301F-11D3-BF4B-00C04F79EFBC}") = "TtrpgAiBot.Application", "src\TtrpgAiBot.Application\TtrpgAiBot.Application.csproj", "{CBFB5541-699F-43AC-A649-322FF1FA051B}"
EndProject
Project("{FAE04EC0-301F-11D3-BF4B-00C04F79EFBC}") = "TtrpgAiBot.Infrastructure", "src\TtrpgAiBot.Infrastructure\TtrpgAiBot.Infrastructure.csproj", "{1EEBDC0B-C60E-437A-AE1E-4D337C4DE1C8}"
EndProject
Project("{FAE04EC0-301F-11D3-BF4B-00C04F79EFBC}") = "TtrpgAiBot.Api", "src\TtrpgAiBot.Api\TtrpgAiBot.Api.csproj", "{E063FEEE-9340-4828-89AB-EBB5C3AA6489}"
EndProject
Project("{FAE04EC0-301F-11D3-BF4B-00C04F79EFBC}") = "TtrpgAiBot.Bot", "src\TtrpgAiBot.Bot\TtrpgAiBot.Bot.csproj", "{CCB122E5-3A75-4FFC-9B96-3062F931D96F}"
EndProject
Project("{FAE04EC0-301F-11D3-BF4B-00C04F79EFBC}") = "TtrpgAiBot.Platform.Discord", "src\TtrpgAiBot.Platform.Discord\TtrpgAiBot.Platform.Discord.csproj", "{FE47DC49-8275-4066-A678-C07D68C0D9BC}"
EndProject
Project("{FAE04EC0-301F-11D3-BF4B-00C04F79EFBC}") = "TtrpgAiBot.Ai", "src\TtrpgAiBot.Ai\TtrpgAiBot.Ai.csproj", "{9C38792D-4E51-4422-9EA7-1BA870741113}"
EndProject
Project("{FAE04EC0-301F-11D3-BF4B-00C04F79EFBC}") = "TtrpgAiBot.GameSystems.Dnd5e", "src\TtrpgAiBot.GameSystems.Dnd5e\TtrpgAiBot.GameSystems.Dnd5e.csproj", "{8FB65266-88C0-4E5F-9F19-F1E3C6792573}"
EndProject
Project("{FAE04EC0-301F-11D3-BF4B-00C04F79EFBC}") = "TtrpgAiBot.GameSystems.Shadowrun", "src\TtrpgAiBot.GameSystems.Shadowrun\TtrpgAiBot.GameSystems.Shadowrun.csproj", "{34004E2F-18F5-4ABE-9C4B-AAA91FCB358C}"
EndProject
Global
	GlobalSection(SolutionConfigurationPlatforms) = preSolution
		Debug|Any CPU = Debug|Any CPU
		Debug|x64 = Debug|x64
		Debug|x86 = Debug|x86
		Release|Any CPU = Release|Any CPU
		Release|x64 = Release|x64
		Release|x86 = Release|x86
	EndGlobalSection
	GlobalSection(ProjectConfigurationPlatforms) = postSolution
		{5433CA63-F279-48B4-98EF-FE4638C635D3}.Debug|Any CPU.ActiveCfg = Debug|Any CPU
		{5433CA63-F279-48B4-98EF-FE4638C635D3}.Debug|Any CPU.Build.0 = Debug|Any CPU
		{5433CA63-F279-48B4-98EF-FE4638C635D3}.Debug|x64.ActiveCfg = Debug|Any CPU
		{5433CA63-F279-48B4-98EF-FE4638C635D3}.Debug|x64.Build.0 = Debug|Any CPU
		{5433CA63-F279-48B4-98EF-FE4638C635D3}.Debug|x86.ActiveCfg = Debug|Any CPU
		{5433CA63-F279-48B4-98EF-FE4638C635D3}.Debug|x86.Build.0 = Debug|Any CPU
		{5433CA63-F279-48B4-98EF-FE4638C635D3}.Release|Any CPU.ActiveCfg = Release|Any CPU
		{5433CA63-F279-48B4-98EF-FE4638C635D3}.Release|Any CPU.Build.0 = Release|Any CPU
		{5433CA63-F279-48B4-98EF-FE4638C635D3}.Release|x64.ActiveCfg = Release|Any CPU
		{5433CA63-F279-48B4-98EF-FE4638C635D3}.Release|x64.Build.0 = Release|Any CPU
		{5433CA63-F279-48B4-98EF-FE4638C635D3}.Release|x86.ActiveCfg = Release|Any CPU
		{5433CA63-F279-48B4-98EF-FE4638C635D3}.Release|x86.Build.0 = Release|Any CPU
		{414193DA-62D2-474E-BA28-35650D41A5AD}.Debug|Any CPU.ActiveCfg = Debug|Any CPU
		{414193DA-62D2-474E-BA28-35650D41A5AD}.Debug|Any CPU.Build.0 = Debug|Any CPU
		{414193DA-62D2-474E-BA28-35650D41A5AD}.Debug|x64.ActiveCfg = Debug|Any CPU
		{414193DA-62D2-474E-BA28-35650D41A5AD}.Debug|x64.Build.0 = Debug|Any CPU
		{414193DA-62D2-474E-BA28-35650D41A5AD}.Debug|x86.ActiveCfg = Debug|Any CPU
		{414193DA-62D2-474E-BA28-35650D41A5AD}.Debug|x86.Build.0 = Debug|Any CPU
		{414193DA-62D2-474E-BA28-35650D41A5AD}.Release|Any CPU.ActiveCfg = Release|Any CPU
		{414193DA-62D2-474E-BA28-35650D41A5AD}.Release|Any CPU.Build.0 = Release|Any CPU
		{414193DA-62D2-474E-BA28-35650D41A5AD}.Release|x64.ActiveCfg = Release|Any CPU
		{414193DA-62D2-474E-BA28-35650D41A5AD}.Release|x64.Build.0 = Release|Any CPU
		{414193DA-62D2-474E-BA28-35650D41A5AD}.Release|x86.ActiveCfg = Release|Any CPU
		{414193DA-62D2-474E-BA28-35650D41A5AD}.Release|x86.Build.0 = Release|Any CPU
		{CBFB5541-699F-43AC-A649-322FF1FA051B}.Debug|Any CPU.ActiveCfg = Debug|Any CPU
		{CBFB5541-699F-43AC-A649-322FF1FA051B}.Debug|Any CPU.Build.0 = Debug|Any CPU
		{CBFB5541-699F-43AC-A649-322FF1FA051B}.Debug|x64.ActiveCfg = Debug|Any CPU
		{CBFB5541-699F-43AC-A649-322FF1FA051B}.Debug|x64.Build.0 = Debug|Any CPU
		{CBFB5541-699F-43AC-A649-322FF1FA051B}.Debug|x86.ActiveCfg = Debug|Any CPU
		{CBFB5541-699F-43AC-A649-322FF1FA051B}.Debug|x86.Build.0 = Debug|Any CPU
		{CBFB5541-699F-43AC-A649-322FF1FA051B}.Release|Any CPU.ActiveCfg = Release|Any CPU
		{CBFB5541-699F-43AC-A649-322FF1FA051B}.Release|Any CPU.Build.0 = Release|Any CPU
		{CBFB5541-699F-43AC-A649-322FF1FA051B}.Release|x64.ActiveCfg = Release|Any CPU
		{CBFB5541-699F-43AC-A649-322FF1FA051B}.Release|x64.Build.0 = Release|Any CPU
		{CBFB5541-699F-43AC-A649-322FF1FA051B}.Release|x86.ActiveCfg = Release|Any CPU
		{CBFB5541-699F-43AC-A649-322FF1FA051B}.Release|x86.Build.0 = Release|Any CPU
		{1EEBDC0B-C60E-437A-AE1E-4D337C4DE1C8}.Debug|Any CPU.ActiveCfg = Debug|Any CPU
		{1EEBDC0B-C60E-437A-AE1E-4D337C4DE1C8}.Debug|Any CPU.Build.0 = Debug|Any CPU
		{1EEBDC0B-C60E-437A-AE1E-4D337C4DE1C8}.Debug|x64.ActiveCfg = Debug|Any CPU
		{1EEBDC0B-C60E-437A-AE1E-4D337C4DE1C8}.Debug|x64.Build.0 = Debug|Any CPU
		{1EEBDC0B-C60E-437A-AE1E-4D337C4DE1C8}.Debug|x86.ActiveCfg = Debug|Any CPU
		{1EEBDC0B-C60E-437A-AE1E-4D337C4DE1C8}.Debug|x86.Build.0 = Debug|Any CPU
		{1EEBDC0B-C60E-437A-AE1E-4D337C4DE1C8}.Release|Any CPU.ActiveCfg = Release|Any CPU
		{1EEBDC0B-C60E-437A-AE1E-4D337C4DE1C8}.Release|Any CPU.Build.0 = Release|Any CPU
		{1EEBDC0B-C60E-437A-AE1E-4D337C4DE1C8}.Release|x64.ActiveCfg = Release|Any CPU
		{1EEBDC0B-C60E-437A-AE1E-4D337C4DE1C8}.Release|x64.Build.0 = Release|Any CPU
		{1EEBDC0B-C60E-437A-AE1E-4D337C4DE1C8}.Release|x86.ActiveCfg = Release|Any CPU
		{1EEBDC0B-C60E-437A-AE1E-4D337C4DE1C8}.Release|x86.Build.0 = Release|Any CPU
		{E063FEEE-9340-4828-89AB-EBB5C3AA6489}.Debug|Any CPU.ActiveCfg = Debug|Any CPU
		{E063FEEE-9340-4828-89AB-EBB5C3AA6489}.Debug|Any CPU.Build.0 = Debug|Any CPU
		{E063FEEE-9340-4828-89AB-EBB5C3AA6489}.Debug|x64.ActiveCfg = Debug|Any CPU
		{E063FEEE-9340-4828-89AB-EBB5C3AA6489}.Debug|x64.Build.0 = Debug|Any CPU
		{E063FEEE-9340-4828-89AB-EBB5C3AA6489}.Debug|x86.ActiveCfg = Debug|Any CPU
		{E063FEEE-9340-4828-89AB-EBB5C3AA6489}.Debug|x86.Build.0 = Debug|Any CPU
		{E063FEEE-9340-4828-89AB-EBB5C3AA6489}.Release|Any CPU.ActiveCfg = Release|Any CPU
		{E063FEEE-9340-4828-89AB-EBB5C3AA6489}.Release|Any CPU.Build.0 = Release|Any CPU
		{E063FEEE-9340-4828-89AB-EBB5C3AA6489}.Release|x64.ActiveCfg = Release|Any CPU
		{E063FEEE-9340-4828-89AB-EBB5C3AA6489}.Release|x64.Build.0 = Release|Any CPU
		{E063FEEE-9340-4828-89AB-EBB5C3AA6489}.Release|x86.ActiveCfg = Release|Any CPU
		{E063FEEE-9340-4828-89AB-EBB5C3AA6489}.Release|x86.Build.0 = Release|Any CPU
		{CCB122E5-3A75-4FFC-9B96-3062F931D96F}.Debug|Any CPU.ActiveCfg = Debug|Any CPU
		{CCB122E5-3A75-4FFC-9B96-3062F931D96F}.Debug|Any CPU.Build.0 = Debug|Any CPU
		{CCB122E5-3A75-4FFC-9B96-3062F931D96F}.Debug|x64.ActiveCfg = Debug|Any CPU
		{CCB122E5-3A75-4FFC-9B96-3062F931D96F}.Debug|x64.Build.0 = Debug|Any CPU
		{CCB122E5-3A75-4FFC-9B96-3062F931D96F}.Debug|x86.ActiveCfg = Debug|Any CPU
		{CCB122E5-3A75-4FFC-9B96-3062F931D96F}.Debug|x86.Build.0 = Debug|Any CPU
		{CCB122E5-3A75-4FFC-9B96-3062F931D96F}.Release|Any CPU.ActiveCfg = Release|Any CPU
		{CCB122E5-3A75-4FFC-9B96-3062F931D96F}.Release|Any CPU.Build.0 = Release|Any CPU
		{CCB122E5-3A75-4FFC-9B96-3062F931D96F}.Release|x64.ActiveCfg = Release|Any CPU
		{CCB122E5-3A75-4FFC-9B96-3062F931D96F}.Release|x64.Build.0 = Release|Any CPU
		{CCB122E5-3A75-4FFC-9B96-3062F931D96F}.Release|x86.ActiveCfg = Release|Any CPU
		{CCB122E5-3A75-4FFC-9B96-3062F931D96F}.Release|x86.Build.0 = Release|Any CPU
		{FE47DC49-8275-4066-A678-C07D68C0D9BC}.Debug|Any CPU.ActiveCfg = Debug|Any CPU
		{FE47DC49-8275-4066-A678-C07D68C0D9BC}.Debug|Any CPU.Build.0 = Debug|Any CPU
		{FE47DC49-8275-4066-A678-C07D68C0D9BC}.Debug|x64.ActiveCfg = Debug|Any CPU
		{FE47DC49-8275-4066-A678-C07D68C0D9BC}.Debug|x64.Build.0 = Debug|Any CPU
		{FE47DC49-8275-4066-A678-C07D68C0D9BC}.Debug|x86.ActiveCfg = Debug|Any CPU
		{FE47DC49-8275-4066-A678-C07D68C0D9BC}.Debug|x86.Build.0 = Debug|Any CPU
		{FE47DC49-8275-4066-A678-C07D68C0D9BC}.Release|Any CPU.ActiveCfg = Release|Any CPU
		{FE47DC49-8275-4066-A678-C07D68C0D9BC}.Release|Any CPU.Build.0 = Release|Any CPU
		{FE47DC49-8275-4066-A678-C07D68C0D9BC}.Release|x64.ActiveCfg = Release|Any CPU
		{FE47DC49-8275-4066-A678-C07D68C0D9BC}.Release|x64.Build.0 = Release|Any CPU
		{FE47DC49-8275-4066-A678-C07D68C0D9BC}.Release|x86.ActiveCfg = Release|Any CPU
		{FE47DC49-8275-4066-A678-C07D68C0D9BC}.Release|x86.Build.0 = Release|Any CPU
		{9C38792D-4E51-4422-9EA7-1BA870741113}.Debug|Any CPU.ActiveCfg = Debug|Any CPU
		{9C38792D-4E51-4422-9EA7-1BA870741113}.Debug|Any CPU.Build.0 = Debug|Any CPU
		{9C38792D-4E51-4422-9EA7-1BA870741113}.Debug|x64.ActiveCfg = Debug|Any CPU
		{9C38792D-4E51-4422-9EA7-1BA870741113}.Debug|x64.Build.0 = Debug|Any CPU
		{9C38792D-4E51-4422-9EA7-1BA870741113}.Debug|x86.ActiveCfg = Debug|Any CPU
		{9C38792D-4E51-4422-9EA7-1BA870741113}.Debug|x86.Build.0 = Debug|Any CPU
		{9C38792D-4E51-4422-9EA7-1BA870741113}.Release|Any CPU.ActiveCfg = Release|Any CPU
		{9C38792D-4E51-4422-9EA7-1BA870741113}.Release|Any CPU.Build.0 = Release|Any CPU
		{9C38792D-4E51-4422-9EA7-1BA870741113}.Release|x64.ActiveCfg = Release|Any CPU
		{9C38792D-4E51-4422-9EA7-1BA870741113}.Release|x64.Build.0 = Release|Any CPU
		{9C38792D-4E51-4422-9EA7-1BA870741113}.Release|x86.ActiveCfg = Release|Any CPU
		{9C38792D-4E51-4422-9EA7-1BA870741113}.Release|x86.Build.0 = Release|Any CPU
		{8FB65266-88C0-4E5F-9F19-F1E3C6792573}.Debug|Any CPU.ActiveCfg = Debug|Any CPU
		{8FB65266-88C0-4E5F-9F19-F1E3C6792573}.Debug|Any CPU.Build.0 = Debug|Any CPU
		{8FB65266-88C0-4E5F-9F19-F1E3C6792573}.Debug|x64.ActiveCfg = Debug|Any CPU
		{8FB65266-88C0-4E5F-9F19-F1E3C6792573}.Debug|x64.Build.0 = Debug|Any CPU
		{8FB65266-88C0-4E5F-9F19-F1E3C6792573}.Debug|x86.ActiveCfg = Debug|Any CPU
		{8FB65266-88C0-4E5F-9F19-F1E3C6792573}.Debug|x86.Build.0 = Debug|Any CPU
		{8FB65266-88C0-4E5F-9F19-F1E3C6792573}.Release|Any CPU.ActiveCfg = Release|Any CPU
		{8FB65266-88C0-4E5F-9F19-F1E3C6792573}.Release|Any CPU.Build.0 = Release|Any CPU
		{8FB65266-88C0-4E5F-9F19-F1E3C6792573}.Release|x64.ActiveCfg = Release|Any CPU
		{8FB65266-88C0-4E5F-9F19-F1E3C6792573}.Release|x64.Build.0 = Release|Any CPU
		{8FB65266-88C0-4E5F-9F19-F1E3C6792573}.Release|x86.ActiveCfg = Release|Any CPU
		{8FB65266-88C0-4E5F-9F19-F1E3C6792573}.Release|x86.Build.0 = Release|Any CPU
		{34004E2F-18F5-4ABE-9C4B-AAA91FCB358C}.Debug|Any CPU.ActiveCfg = Debug|Any CPU
		{34004E2F-18F5-4ABE-9C4B-AAA91FCB358C}.Debug|Any CPU.Build.0 = Debug|Any CPU
		{34004E2F-18F5-4ABE-9C4B-AAA91FCB358C}.Debug|x64.ActiveCfg = Debug|Any CPU
		{34004E2F-18F5-4ABE-9C4B-AAA91FCB358C}.Debug|x64.Build.0 = Debug|Any CPU
		{34004E2F-18F5-4ABE-9C4B-AAA91FCB358C}.Debug|x86.ActiveCfg = Debug|Any CPU
		{34004E2F-18F5-4ABE-9C4B-AAA91FCB358C}.Debug|x86.Build.0 = Debug|Any CPU
		{34004E2F-18F5-4ABE-9C4B-AAA91FCB358C}.Release|Any CPU.ActiveCfg = Release|Any CPU
		{34004E2F-18F5-4ABE-9C4B-AAA91FCB358C}.Release|Any CPU.Build.0 = Release|Any CPU
		{34004E2F-18F5-4ABE-9C4B-AAA91FCB358C}.Release|x64.ActiveCfg = Release|Any CPU
		{34004E2F-18F5-4ABE-9C4B-AAA91FCB358C}.Release|x64.Build.0 = Release|Any CPU
		{34004E2F-18F5-4ABE-9C4B-AAA91FCB358C}.Release|x86.ActiveCfg = Release|Any CPU
		{34004E2F-18F5-4ABE-9C4B-AAA91FCB358C}.Release|x86.Build.0 = Release|Any CPU
	EndGlobalSection
	GlobalSection(SolutionProperties) = preSolution
		HideSolutionNode = FALSE
	EndGlobalSection
	GlobalSection(NestedProjects) = preSolution
		{5433CA63-F279-48B4-98EF-FE4638C635D3} = {827E0CD3-B72D-47B6-A68D-7590B98EB39B}
		{414193DA-62D2-474E-BA28-35650D41A5AD} = {827E0CD3-B72D-47B6-A68D-7590B98EB39B}
		{CBFB5541-699F-43AC-A649-322FF1FA051B} = {827E0CD3-B72D-47B6-A68D-7590B98EB39B}
		{1EEBDC0B-C60E-437A-AE1E-4D337C4DE1C8} = {827E0CD3-B72D-47B6-A68D-7590B98EB39B}
		{E063FEEE-9340-4828-89AB-EBB5C3AA6489} = {827E0CD3-B72D-47B6-A68D-7590B98EB39B}
		{CCB122E5-3A75-4FFC-9B96-3062F931D96F} = {827E0CD3-B72D-47B6-A68D-7590B98EB39B}
		{FE47DC49-8275-4066-A678-C07D68C0D9BC} = {827E0CD3-B72D-47B6-A68D-7590B98EB39B}
		{9C38792D-4E51-4422-9EA7-1BA870741113} = {827E0CD3-B72D-47B6-A68D-7590B98EB39B}
		{8FB65266-88C0-4E5F-9F19-F1E3C6792573} = {827E0CD3-B72D-47B6-A68D-7590B98EB39B}
		{34004E2F-18F5-4ABE-9C4B-AAA91FCB358C} = {827E0CD3-B72D-47B6-A68D-7590B98EB39B}
	EndGlobalSection
EndGlobal
